PODS:
  - FastCoding (3.3)
  - FMDB (2.7.5):
    - FMDB/standard (= 2.7.5)
  - FMDB/standard (2.7.5)
  - MJExtension (3.2.1)
  - YLT_BaseLib (0.3.51):
    - FastCoding
    - FMDB
    - MJExtension

DEPENDENCIES:
  - YLT_BaseLib (from `../`)

SPEC REPOS:
  https://github.com/cocoapods/specs.git:
    - FastCoding
    - FMDB
    - MJExtension

EXTERNAL SOURCES:
  YLT_BaseLib:
    :path: "../"

SPEC CHECKSUMS:
  FastCoding: 3b590f7143a229780fa744b35084d85d9461587e
  FMDB: 2ce00b547f966261cd18927a3ddb07cb6f3db82a
  MJExtension: 635f2c663dcb1bf76fa4b715b2570a5710aec545
  YLT_BaseLib: 1e5d076ec6ccf10e9591e4af8edaf6f1d9ccf768

PODFILE CHECKSUM: 0ff3dcb0ae9200b7c00f320bef560099f6e54756

COCOAPODS: 1.7.2
