PODS:
  - FastCoding (3.3)
  - FMDB (2.7.2):
    - FMDB/standard (= 2.7.2)
  - FMDB/standard (2.7.2)
  - MJExtension (3.0.13)
  - YLT_BaseLib (0.3.20):
    - FastCoding
    - FMDB
    - MJExtension

DEPENDENCIES:
  - YLT_BaseLib (from `../`)

SPEC REPOS:
  https://github.com/cocoapods/specs.git:
    - FastCoding
    - FMDB
    - MJExtension

EXTERNAL SOURCES:
  YLT_BaseLib:
    :path: "../"

SPEC CHECKSUMS:
  FastCoding: 3b590f7143a229780fa744b35084d85d9461587e
  FMDB: 6198a90e7b6900cfc046e6bc0ef6ebb7be9236aa
  MJExtension: 5932755f451458eefa24239358817f8d291240c7
  YLT_BaseLib: 0fca716793f4faa0521ebc0dab6f437e525f373c

PODFILE CHECKSUM: 0ff3dcb0ae9200b7c00f320bef560099f6e54756

COCOAPODS: 1.5.3
